// !$*UTF8*$!
{
	archiveVersion = 1;
	classes = {
	};
	objectVersion = 50;
	objects = {

/* Begin PBXBuildFile section */
		307D57532645F2BB00142AEB /* Tests_iOS.swift in Sources */ = {isa = PBXBuildFile; fileRef = 307D57522645F2BB00142AEB /* Tests_iOS.swift */; };
		307D575E2645F2BB00142AEB /* Tests_macOS.swift in Sources */ = {isa = PBXBuildFile; fileRef = 307D575D2645F2BB00142AEB /* Tests_macOS.swift */; };
		307D57602645F2BB00142AEB /* Lesson_8_ChallengeApp.swift in Sources */ = {isa = PBXBuildFile; fileRef = 307D57372645F2BA00142AEB /* Lesson_8_ChallengeApp.swift */; };
		307D57612645F2BB00142AEB /* Lesson_8_ChallengeApp.swift in Sources */ = {isa = PBXBuildFile; fileRef = 307D57372645F2BA00142AEB /* Lesson_8_ChallengeApp.swift */; };
		307D57622645F2BB00142AEB /* ContentView.swift in Sources */ = {isa = PBXBuildFile; fileRef = 307D57382645F2BA00142AEB /* ContentView.swift */; };
		307D57632645F2BB00142AEB /* ContentView.swift in Sources */ = {isa = PBXBuildFile; fileRef = 307D57382645F2BA00142AEB /* ContentView.swift */; };
		307D57642645F2BB00142AEB /* Assets.xcassets in Resources */ = {isa = PBXBuildFile; fileRef = 307D57392645F2BB00142AEB /* Assets.xcassets */; };
		307D57652645F2BB00142AEB /* Assets.xcassets in Resources */ = {isa = PBXBuildFile; fileRef = 307D57392645F2BB00142AEB /* Assets.xcassets */; };
/* End PBXBuildFile section */

/* Begin PBXContainerItemProxy section */
		307D574F2645F2BB00142AEB /* PBXContainerItemProxy */ = {
			isa = PBXContainerItemProxy;
			containerPortal = 307D57322645F2B900142AEB /* Project object */;
			proxyType = 1;
			remoteGlobalIDString = 307D573D2645F2BB00142AEB;
			remoteInfo = "Lesson 8 Challenge (iOS)";
		};
		307D575A2645F2BB00142AEB /* PBXContainerItemProxy */ = {
			isa = PBXContainerItemProxy;
			containerPortal = 307D57322645F2B900142AEB /* Project object */;
			proxyType = 1;
			remoteGlobalIDString = 307D57452645F2BB00142AEB;
			remoteInfo = "Lesson 8 Challenge (macOS)";
		};
/* End PBXContainerItemProxy section */

/* Begin PBXFileReference section */
		307D57372645F2BA00142AEB /* Lesson_8_ChallengeApp.swift */ = {isa = PBXFileReference; lastKnownFileType = sourcecode.swift; path = Lesson_8_ChallengeApp.swift; sourceTree = "<group>"; };
		307D57382645F2BA00142AEB /* ContentView.swift */ = {isa = PBXFileReference; lastKnownFileType = sourcecode.swift; path = ContentView.swift; sourceTree = "<group>"; };
		307D57392645F2BB00142AEB /* Assets.xcassets */ = {isa = PBXFileReference; lastKnownFileType = folder.assetcatalog; path = Assets.xcassets; sourceTree = "<group>"; };
		307D573E2645F2BB00142AEB /* Lesson 8 Challenge.app */ = {isa = PBXFileReference; explicitFileType = wrapper.application; includeInIndex = 0; path = "Lesson 8 Challenge.app"; sourceTree = BUILT_PRODUCTS_DIR; };
		307D57412645F2BB00142AEB /* Info.plist */ = {isa = PBXFileReference; lastKnownFileType = text.plist.xml; path = Info.plist; sourceTree = "<group>"; };
		307D57462645F2BB00142AEB /* Lesson 8 Challenge.app */ = {isa = PBXFileReference; explicitFileType = wrapper.application; includeInIndex = 0; path = "Lesson 8 Challenge.app"; sourceTree = BUILT_PRODUCTS_DIR; };
		307D57482645F2BB00142AEB /* Info.plist */ = {isa = PBXFileReference; lastKnownFileType = text.plist.xml; path = Info.plist; sourceTree = "<group>"; };
		307D57492645F2BB00142AEB /* macOS.entitlements */ = {isa = PBXFileReference; lastKnownFileType = text.plist.entitlements; path = macOS.entitlements; sourceTree = "<group>"; };
		307D574E2645F2BB00142AEB /* Tests iOS.xctest */ = {isa = PBXFileReference; explicitFileType = wrapper.cfbundle; includeInIndex = 0; path = "Tests iOS.xctest"; sourceTree = BUILT_PRODUCTS_DIR; };
		307D57522645F2BB00142AEB /* Tests_iOS.swift */ = {isa = PBXFileReference; lastKnownFileType = sourcecode.swift; path = Tests_iOS.swift; sourceTree = "<group>"; };
		307D57542645F2BB00142AEB /* Info.plist */ = {isa = PBXFileReference; lastKnownFileType = text.plist.xml; path = Info.plist; sourceTree = "<group>"; };
		307D57592645F2BB00142AEB /* Tests macOS.xctest */ = {isa = PBXFileReference; explicitFileType = wrapper.cfbundle; includeInIndex = 0; path = "Tests macOS.xctest"; sourceTree = BUILT_PRODUCTS_DIR; };
		307D575D2645F2BB00142AEB /* Tests_macOS.swift */ = {isa = PBXFileReference; lastKnownFileType = sourcecode.swift; path = Tests_macOS.swift; sourceTree = "<group>"; };
		307D575F2645F2BB00142AEB /* Info.plist */ = {isa = PBXFileReference; lastKnownFileType = text.plist.xml; path = Info.plist; sourceTree = "<group>"; };
/* End PBXFileReference section */

/* Begin PBXFrameworksBuildPhase section */
		307D573B2645F2BB00142AEB /* Frameworks */ = {
			isa = PBXFrameworksBuildPhase;
			buildActionMask = 2147483647;
			files = (
			);
			runOnlyForDeploymentPostprocessing = 0;
		};
		307D57432645F2BB00142AEB /* Frameworks */ = {
			isa = PBXFrameworksBuildPhase;
			buildActionMask = 2147483647;
			files = (
			);
			runOnlyForDeploymentPostprocessing = 0;
		};
		307D574B2645F2BB00142AEB /* Frameworks */ = {
			isa = PBXFrameworksBuildPhase;
			buildActionMask = 2147483647;
			files = (
			);
			runOnlyForDeploymentPostprocessing = 0;
		};
		307D57562645F2BB00142AEB /* Frameworks */ = {
			isa = PBXFrameworksBuildPhase;
			buildActionMask = 2147483647;
			files = (
			);
			runOnlyForDeploymentPostprocessing = 0;
		};
/* End PBXFrameworksBuildPhase section */

/* Begin PBXGroup section */
		307D57312645F2B900142AEB = {
			isa = PBXGroup;
			children = (
				307D57362645F2BA00142AEB /* Shared */,
				307D57402645F2BB00142AEB /* iOS */,
				307D57472645F2BB00142AEB /* macOS */,
				307D57512645F2BB00142AEB /* Tests iOS */,
				307D575C2645F2BB00142AEB /* Tests macOS */,
				307D573F2645F2BB00142AEB /* Products */,
			);
			sourceTree = "<group>";
		};
		307D57362645F2BA00142AEB /* Shared */ = {
			isa = PBXGroup;
			children = (
				307D57372645F2BA00142AEB /* Lesson_8_ChallengeApp.swift */,
				307D57382645F2BA00142AEB /* ContentView.swift */,
				307D57392645F2BB00142AEB /* Assets.xcassets */,
			);
			path = Shared;
			sourceTree = "<group>";
		};
		307D573F2645F2BB00142AEB /* Products */ = {
			isa = PBXGroup;
			children = (
				307D573E2645F2BB00142AEB /* Lesson 8 Challenge.app */,
				307D57462645F2BB00142AEB /* Lesson 8 Challenge.app */,
				307D574E2645F2BB00142AEB /* Tests iOS.xctest */,
				307D57592645F2BB00142AEB /* Tests macOS.xctest */,
			);
			name = Products;
			sourceTree = "<group>";
		};
		307D57402645F2BB00142AEB /* iOS */ = {
			isa = PBXGroup;
			children = (
				307D57412645F2BB00142AEB /* Info.plist */,
			);
			path = iOS;
			sourceTree = "<group>";
		};
		307D57472645F2BB00142AEB /* macOS */ = {
			isa = PBXGroup;
			children = (
				307D57482645F2BB00142AEB /* Info.plist */,
				307D57492645F2BB00142AEB /* macOS.entitlements */,
			);
			path = macOS;
			sourceTree = "<group>";
		};
		307D57512645F2BB00142AEB /* Tests iOS */ = {
			isa = PBXGroup;
			children = (
				307D57522645F2BB00142AEB /* Tests_iOS.swift */,
				307D57542645F2BB00142AEB /* Info.plist */,
			);
			path = "Tests iOS";
			sourceTree = "<group>";
		};
		307D575C2645F2BB00142AEB /* Tests macOS */ = {
			isa = PBXGroup;
			children = (
				307D575D2645F2BB00142AEB /* Tests_macOS.swift */,
				307D575F2645F2BB00142AEB /* Info.plist */,
			);
			path = "Tests macOS";
			sourceTree = "<group>";
		};
/* End PBXGroup section */

/* Begin PBXNativeTarget section */
		307D573D2645F2BB00142AEB /* Lesson 8 Challenge (iOS) */ = {
			isa = PBXNativeTarget;
			buildConfigurationList = 307D57682645F2BB00142AEB /* Build configuration list for PBXNativeTarget "Lesson 8 Challenge (iOS)" */;
			buildPhases = (
				307D573A2645F2BB00142AEB /* Sources */,
				307D573B2645F2BB00142AEB /* Frameworks */,
				307D573C2645F2BB00142AEB /* Resources */,
			);
			buildRules = (
			);
			dependencies = (
			);
			name = "Lesson 8 Challenge (iOS)";
			productName = "Lesson 8 Challenge (iOS)";
			productReference = 307D573E2645F2BB00142AEB /* Lesson 8 Challenge.app */;
			productType = "com.apple.product-type.application";
		};
		307D57452645F2BB00142AEB /* Lesson 8 Challenge (macOS) */ = {
			isa = PBXNativeTarget;
			buildConfigurationList = 307D576B2645F2BB00142AEB /* Build configuration list for PBXNativeTarget "Lesson 8 Challenge (macOS)" */;
			buildPhases = (
				307D57422645F2BB00142AEB /* Sources */,
				307D57432645F2BB00142AEB /* Frameworks */,
				307D57442645F2BB00142AEB /* Resources */,
			);
			buildRules = (
			);
			dependencies = (
			);
			name = "Lesson 8 Challenge (macOS)";
			productName = "Lesson 8 Challenge (macOS)";
			productReference = 307D57462645F2BB00142AEB /* Lesson 8 Challenge.app */;
			productType = "com.apple.product-type.application";
		};
		307D574D2645F2BB00142AEB /* Tests iOS */ = {
			isa = PBXNativeTarget;
			buildConfigurationList = 307D576E2645F2BB00142AEB /* Build configuration list for PBXNativeTarget "Tests iOS" */;
			buildPhases = (
				307D574A2645F2BB00142AEB /* Sources */,
				307D574B2645F2BB00142AEB /* Frameworks */,
				307D574C2645F2BB00142AEB /* Resources */,
			);
			buildRules = (
			);
			dependencies = (
				307D57502645F2BB00142AEB /* PBXTargetDependency */,
			);
			name = "Tests iOS";
			productName = "Tests iOS";
			productReference = 307D574E2645F2BB00142AEB /* Tests iOS.xctest */;
			productType = "com.apple.product-type.bundle.ui-testing";
		};
		307D57582645F2BB00142AEB /* Tests macOS */ = {
			isa = PBXNativeTarget;
			buildConfigurationList = 307D57712645F2BB00142AEB /* Build configuration list for PBXNativeTarget "Tests macOS" */;
			buildPhases = (
				307D57552645F2BB00142AEB /* Sources */,
				307D57562645F2BB00142AEB /* Frameworks */,
				307D57572645F2BB00142AEB /* Resources */,
			);
			buildRules = (
			);
			dependencies = (
				307D575B2645F2BB00142AEB /* PBXTargetDependency */,
			);
			name = "Tests macOS";
			productName = "Tests macOS";
			productReference = 307D57592645F2BB00142AEB /* Tests macOS.xctest */;
			productType = "com.apple.product-type.bundle.ui-testing";
		};
/* End PBXNativeTarget section */

/* Begin PBXProject section */
		307D57322645F2B900142AEB /* Project object */ = {
			isa = PBXProject;
			attributes = {
				LastSwiftUpdateCheck = 1240;
				LastUpgradeCheck = 1240;
				TargetAttributes = {
					307D573D2645F2BB00142AEB = {
						CreatedOnToolsVersion = 12.4;
					};
					307D57452645F2BB00142AEB = {
						CreatedOnToolsVersion = 12.4;
					};
					307D574D2645F2BB00142AEB = {
						CreatedOnToolsVersion = 12.4;
						TestTargetID = 307D573D2645F2BB00142AEB;
					};
					307D57582645F2BB00142AEB = {
						CreatedOnToolsVersion = 12.4;
						TestTargetID = 307D57452645F2BB00142AEB;
					};
				};
			};
			buildConfigurationList = 307D57352645F2B900142AEB /* Build configuration list for PBXProject "Lesson 8 Challenge" */;
			compatibilityVersion = "Xcode 9.3";
			developmentRegion = en;
			hasScannedForEncodings = 0;
			knownRegions = (
				en,
				Base,
			);
			mainGroup = 307D57312645F2B900142AEB;
			productRefGroup = 307D573F2645F2BB00142AEB /* Products */;
			projectDirPath = "";
			projectRoot = "";
			targets = (
				307D573D2645F2BB00142AEB /* Lesson 8 Challenge (iOS) */,
				307D57452645F2BB00142AEB /* Lesson 8 Challenge (macOS) */,
				307D574D2645F2BB00142AEB /* Tests iOS */,
				307D57582645F2BB00142AEB /* Tests macOS */,
			);
		};
/* End PBXProject section */

/* Begin PBXResourcesBuildPhase section */
		307D573C2645F2BB00142AEB /* Resources */ = {
			isa = PBXResourcesBuildPhase;
			buildActionMask = 2147483647;
			files = (
				307D57642645F2BB00142AEB /* Assets.xcassets in Resources */,
			);
			runOnlyForDeploymentPostprocessing = 0;
		};
		307D57442645F2BB00142AEB /* Resources */ = {
			isa = PBXResourcesBuildPhase;
			buildActionMask = 2147483647;
			files = (
				307D57652645F2BB00142AEB /* Assets.xcassets in Resources */,
			);
			runOnlyForDeploymentPostprocessing = 0;
		};
		307D574C2645F2BB00142AEB /* Resources */ = {
			isa = PBXResourcesBuildPhase;
			buildActionMask = 2147483647;
			files = (
			);
			runOnlyForDeploymentPostprocessing = 0;
		};
		307D57572645F2BB00142AEB /* Resources */ = {
			isa = PBXResourcesBuildPhase;
			buildActionMask = 2147483647;
			files = (
			);
			runOnlyForDeploymentPostprocessing = 0;
		};
/* End PBXResourcesBuildPhase section */

/* Begin PBXSourcesBuildPhase section */
		307D573A2645F2BB00142AEB /* Sources */ = {
			isa = PBXSourcesBuildPhase;
			buildActionMask = 2147483647;
			files = (
				307D57622645F2BB00142AEB /* ContentView.swift in Sources */,
				307D57602645F2BB00142AEB /* Lesson_8_ChallengeApp.swift in Sources */,
			);
			runOnlyForDeploymentPostprocessing = 0;
		};
		307D57422645F2BB00142AEB /* Sources */ = {
			isa = PBXSourcesBuildPhase;
			buildActionMask = 2147483647;
			files = (
				307D57632645F2BB00142AEB /* ContentView.swift in Sources */,
				307D57612645F2BB00142AEB /* Lesson_8_ChallengeApp.swift in Sources */,
			);
			runOnlyForDeploymentPostprocessing = 0;
		};
		307D574A2645F2BB00142AEB /* Sources */ = {
			isa = PBXSourcesBuildPhase;
			buildActionMask = 2147483647;
			files = (
				307D57532645F2BB00142AEB /* Tests_iOS.swift in Sources */,
			);
			runOnlyForDeploymentPostprocessing = 0;
		};
		307D57552645F2BB00142AEB /* Sources */ = {
			isa = PBXSourcesBuildPhase;
			buildActionMask = 2147483647;
			files = (
				307D575E2645F2BB00142AEB /* Tests_macOS.swift in Sources */,
			);
			runOnlyForDeploymentPostprocessing = 0;
		};
/* End PBXSourcesBuildPhase section */

/* Begin PBXTargetDependency section */
		307D57502645F2BB00142AEB /* PBXTargetDependency */ = {
			isa = PBXTargetDependency;
			target = 307D573D2645F2BB00142AEB /* Lesson 8 Challenge (iOS) */;
			targetProxy = 307D574F2645F2BB00142AEB /* PBXContainerItemProxy */;
		};
		307D575B2645F2BB00142AEB /* PBXTargetDependency */ = {
			isa = PBXTargetDependency;
			target = 307D57452645F2BB00142AEB /* Lesson 8 Challenge (macOS) */;
			targetProxy = 307D575A2645F2BB00142AEB /* PBXContainerItemProxy */;
		};
/* End PBXTargetDependency section */

/* Begin XCBuildConfiguration section */
		307D57662645F2BB00142AEB /* Debug */ = {
			isa = XCBuildConfiguration;
			buildSettings = {
				ALWAYS_SEARCH_USER_PATHS = NO;
				CLANG_ANALYZER_NONNULL = YES;
				CLANG_ANALYZER_NUMBER_OBJECT_CONVERSION = YES_AGGRESSIVE;
				CLANG_CXX_LANGUAGE_STANDARD = "gnu++14";
				CLANG_CXX_LIBRARY = "libc++";
				CLANG_ENABLE_MODULES = YES;
				CLANG_ENABLE_OBJC_ARC = YES;
				CLANG_ENABLE_OBJC_WEAK = YES;
				CLANG_WARN_BLOCK_CAPTURE_AUTORELEASING = YES;
				CLANG_WARN_BOOL_CONVERSION = YES;
				CLANG_WARN_COMMA = YES;
				CLANG_WARN_CONSTANT_CONVERSION = YES;
				CLANG_WARN_DEPRECATED_OBJC_IMPLEMENTATIONS = YES;
				CLANG_WARN_DIRECT_OBJC_ISA_USAGE = YES_ERROR;
				CLANG_WARN_DOCUMENTATION_COMMENTS = YES;
				CLANG_WARN_EMPTY_BODY = YES;
				CLANG_WARN_ENUM_CONVERSION = YES;
				CLANG_WARN_INFINITE_RECURSION = YES;
				CLANG_WARN_INT_CONVERSION = YES;
				CLANG_WARN_NON_LITERAL_NULL_CONVERSION = YES;
				CLANG_WARN_OBJC_IMPLICIT_RETAIN_SELF = YES;
				CLANG_WARN_OBJC_LITERAL_CONVERSION = YES;
				CLANG_WARN_OBJC_ROOT_CLASS = YES_ERROR;
				CLANG_WARN_QUOTED_INCLUDE_IN_FRAMEWORK_HEADER = YES;
				CLANG_WARN_RANGE_LOOP_ANALYSIS = YES;
				CLANG_WARN_STRICT_PROTOTYPES = YES;
				CLANG_WARN_SUSPICIOUS_MOVE = YES;
				CLANG_WARN_UNGUARDED_AVAILABILITY = YES_AGGRESSIVE;
				CLANG_WARN_UNREACHABLE_CODE = YES;
				CLANG_WARN__DUPLICATE_METHOD_MATCH = YES;
				COPY_PHASE_STRIP = NO;
				DEBUG_INFORMATION_FORMAT = dwarf;
				ENABLE_STRICT_OBJC_MSGSEND = YES;
				ENABLE_TESTABILITY = YES;
				GCC_C_LANGUAGE_STANDARD = gnu11;
				GCC_DYNAMIC_NO_PIC = NO;
				GCC_NO_COMMON_BLOCKS = YES;
				GCC_OPTIMIZATION_LEVEL = 0;
				GCC_PREPROCESSOR_DEFINITIONS = (
					"DEBUG=1",
					"$(inherited)",
				);
				GCC_WARN_64_TO_32_BIT_CONVERSION = YES;
				GCC_WARN_ABOUT_RETURN_TYPE = YES_ERROR;
				GCC_WARN_UNDECLARED_SELECTOR = YES;
				GCC_WARN_UNINITIALIZED_AUTOS = YES_AGGRESSIVE;
				GCC_WARN_UNUSED_FUNCTION = YES;
				GCC_WARN_UNUSED_VARIABLE = YES;
				MTL_ENABLE_DEBUG_INFO = INCLUDE_SOURCE;
				MTL_FAST_MATH = YES;
				ONLY_ACTIVE_ARCH = YES;
				SWIFT_ACTIVE_COMPILATION_CONDITIONS = DEBUG;
				SWIFT_OPTIMIZATION_LEVEL = "-Onone";
			};
			name = Debug;
		};
		307D57672645F2BB00142AEB /* Release */ = {
			isa = XCBuildConfiguration;
			buildSettings = {
				ALWAYS_SEARCH_USER_PATHS = NO;
				CLANG_ANALYZER_NONNULL = YES;
				CLANG_ANALYZER_NUMBER_OBJECT_CONVERSION = YES_AGGRESSIVE;
				CLANG_CXX_LANGUAGE_STANDARD = "gnu++14";
				CLANG_CXX_LIBRARY = "libc++";
				CLANG_ENABLE_MODULES = YES;
				CLANG_ENABLE_OBJC_ARC = YES;
				CLANG_ENABLE_OBJC_WEAK = YES;
				CLANG_WARN_BLOCK_CAPTURE_AUTORELEASING = YES;
				CLANG_WARN_BOOL_CONVERSION = YES;
				CLANG_WARN_COMMA = YES;
				CLANG_WARN_CONSTANT_CONVERSION = YES;
				CLANG_WARN_DEPRECATED_OBJC_IMPLEMENTATIONS = YES;
				CLANG_WARN_DIRECT_OBJC_ISA_USAGE = YES_ERROR;
				CLANG_WARN_DOCUMENTATION_COMMENTS = YES;
				CLANG_WARN_EMPTY_BODY = YES;
				CLANG_WARN_ENUM_CONVERSION = YES;
				CLANG_WARN_INFINITE_RECURSION = YES;
				CLANG_WARN_INT_CONVERSION = YES;
				CLANG_WARN_NON_LITERAL_NULL_CONVERSION = YES;
				CLANG_WARN_OBJC_IMPLICIT_RETAIN_SELF = YES;
				CLANG_WARN_OBJC_LITERAL_CONVERSION = YES;
				CLANG_WARN_OBJC_ROOT_CLASS = YES_ERROR;
				CLANG_WARN_QUOTED_INCLUDE_IN_FRAMEWORK_HEADER = YES;
				CLANG_WARN_RANGE_LOOP_ANALYSIS = YES;
				CLANG_WARN_STRICT_PROTOTYPES = YES;
				CLANG_WARN_SUSPICIOUS_MOVE = YES;
				CLANG_WARN_UNGUARDED_AVAILABILITY = YES_AGGRESSIVE;
				CLANG_WARN_UNREACHABLE_CODE = YES;
				CLANG_WARN__DUPLICATE_METHOD_MATCH = YES;
				COPY_PHASE_STRIP = NO;
				DEBUG_INFORMATION_FORMAT = "dwarf-with-dsym";
				ENABLE_NS_ASSERTIONS = NO;
				ENABLE_STRICT_OBJC_MSGSEND = YES;
				GCC_C_LANGUAGE_STANDARD = gnu11;
				GCC_NO_COMMON_BLOCKS = YES;
				GCC_WARN_64_TO_32_BIT_CONVERSION = YES;
				GCC_WARN_ABOUT_RETURN_TYPE = YES_ERROR;
				GCC_WARN_UNDECLARED_SELECTOR = YES;
				GCC_WARN_UNINITIALIZED_AUTOS = YES_AGGRESSIVE;
				GCC_WARN_UNUSED_FUNCTION = YES;
				GCC_WARN_UNUSED_VARIABLE = YES;
				MTL_ENABLE_DEBUG_INFO = NO;
				MTL_FAST_MATH = YES;
				SWIFT_COMPILATION_MODE = wholemodule;
				SWIFT_OPTIMIZATION_LEVEL = "-O";
			};
			name = Release;
		};
		307D57692645F2BB00142AEB /* Debug */ = {
			isa = XCBuildConfiguration;
			buildSettings = {
				ASSETCATALOG_COMPILER_APPICON_NAME = AppIcon;
				ASSETCATALOG_COMPILER_GLOBAL_ACCENT_COLOR_NAME = AccentColor;
				CODE_SIGN_STYLE = Automatic;
				ENABLE_PREVIEWS = YES;
				INFOPLIST_FILE = iOS/Info.plist;
				IPHONEOS_DEPLOYMENT_TARGET = 14.0;
				LD_RUNPATH_SEARCH_PATHS = (
					"$(inherited)",
					"@executable_path/Frameworks",
				);
				PRODUCT_BUNDLE_IDENTIFIER = "MosleyTech.Lesson-8-Challenge";
				PRODUCT_NAME = "Lesson 8 Challenge";
				SDKROOT = iphoneos;
				SWIFT_VERSION = 5.0;
				TARGETED_DEVICE_FAMILY = "1,2";
			};
			name = Debug;
		};
		307D576A2645F2BB00142AEB /* Release */ = {
			isa = XCBuildConfiguration;
			buildSettings = {
				ASSETCATALOG_COMPILER_APPICON_NAME = AppIcon;
				ASSETCATALOG_COMPILER_GLOBAL_ACCENT_COLOR_NAME = AccentColor;
				CODE_SIGN_STYLE = Automatic;
				ENABLE_PREVIEWS = YES;
				INFOPLIST_FILE = iOS/Info.plist;
				IPHONEOS_DEPLOYMENT_TARGET = 14.0;
				LD_RUNPATH_SEARCH_PATHS = (
					"$(inherited)",
					"@executable_path/Frameworks",
				);
				PRODUCT_BUNDLE_IDENTIFIER = "MosleyTech.Lesson-8-Challenge";
				PRODUCT_NAME = "Lesson 8 Challenge";
				SDKROOT = iphoneos;
				SWIFT_VERSION = 5.0;
				TARGETED_DEVICE_FAMILY = "1,2";
				VALIDATE_PRODUCT = YES;
			};
			name = Release;
		};
		307D576C2645F2BB00142AEB /* Debug */ = {
			isa = XCBuildConfiguration;
			buildSettings = {
				ASSETCATALOG_COMPILER_APPICON_NAME = AppIcon;
				ASSETCATALOG_COMPILER_GLOBAL_ACCENT_COLOR_NAME = AccentColor;
				CODE_SIGN_ENTITLEMENTS = macOS/macOS.entitlements;
				CODE_SIGN_STYLE = Automatic;
				COMBINE_HIDPI_IMAGES = YES;
				ENABLE_PREVIEWS = YES;
				INFOPLIST_FILE = macOS/Info.plist;
				LD_RUNPATH_SEARCH_PATHS = (
					"$(inherited)",
					"@executable_path/../Frameworks",
				);
				MACOSX_DEPLOYMENT_TARGET = 11.0;
				PRODUCT_BUNDLE_IDENTIFIER = "MosleyTech.Lesson-8-Challenge";
				PRODUCT_NAME = "Lesson 8 Challenge";
				SDKROOT = macosx;
				SWIFT_VERSION = 5.0;
			};
			name = Debug;
		};
		307D576D2645F2BB00142AEB /* Release */ = {
			isa = XCBuildConfiguration;
			buildSettings = {
				ASSETCATALOG_COMPILER_APPICON_NAME = AppIcon;
				ASSETCATALOG_COMPILER_GLOBAL_ACCENT_COLOR_NAME = AccentColor;
				CODE_SIGN_ENTITLEMENTS = macOS/macOS.entitlements;
				CODE_SIGN_STYLE = Automatic;
				COMBINE_HIDPI_IMAGES = YES;
				ENABLE_PREVIEWS = YES;
				INFOPLIST_FILE = macOS/Info.plist;
				LD_RUNPATH_SEARCH_PATHS = (
					"$(inherited)",
					"@executable_path/../Frameworks",
				);
				MACOSX_DEPLOYMENT_TARGET = 11.0;
				PRODUCT_BUNDLE_IDENTIFIER = "MosleyTech.Lesson-8-Challenge";
				PRODUCT_NAME = "Lesson 8 Challenge";
				SDKROOT = macosx;
				SWIFT_VERSION = 5.0;
			};
			name = Release;
		};
		307D576F2645F2BB00142AEB /* Debug */ = {
			isa = XCBuildConfiguration;
			buildSettings = {
				ALWAYS_EMBED_SWIFT_STANDARD_LIBRARIES = YES;
				CODE_SIGN_STYLE = Automatic;
				INFOPLIST_FILE = "Tests iOS/Info.plist";
				IPHONEOS_DEPLOYMENT_TARGET = 14.4;
				LD_RUNPATH_SEARCH_PATHS = (
					"$(inherited)",
					"@executable_path/Frameworks",
					"@loader_path/Frameworks",
				);
				PRODUCT_BUNDLE_IDENTIFIER = "MosleyTech.Tests-iOS";
				PRODUCT_NAME = "$(TARGET_NAME)";
				SDKROOT = iphoneos;
				SWIFT_VERSION = 5.0;
				TARGETED_DEVICE_FAMILY = "1,2";
				TEST_TARGET_NAME = "Lesson 8 Challenge (iOS)";
			};
			name = Debug;
		};
		307D57702645F2BB00142AEB /* Release */ = {
			isa = XCBuildConfiguration;
			buildSettings = {
				ALWAYS_EMBED_SWIFT_STANDARD_LIBRARIES = YES;
				CODE_SIGN_STYLE = Automatic;
				INFOPLIST_FILE = "Tests iOS/Info.plist";
				IPHONEOS_DEPLOYMENT_TARGET = 14.4;
				LD_RUNPATH_SEARCH_PATHS = (
					"$(inherited)",
					"@executable_path/Frameworks",
					"@loader_path/Frameworks",
				);
				PRODUCT_BUNDLE_IDENTIFIER = "MosleyTech.Tests-iOS";
				PRODUCT_NAME = "$(TARGET_NAME)";
				SDKROOT = iphoneos;
				SWIFT_VERSION = 5.0;
				TARGETED_DEVICE_FAMILY = "1,2";
				TEST_TARGET_NAME = "Lesson 8 Challenge (iOS)";
				VALIDATE_PRODUCT = YES;
			};
			name = Release;
		};
		307D57722645F2BB00142AEB /* Debug */ = {
			isa = XCBuildConfiguration;
			buildSettings = {
				ALWAYS_EMBED_SWIFT_STANDARD_LIBRARIES = YES;
				CODE_SIGN_STYLE = Automatic;
				COMBINE_HIDPI_IMAGES = YES;
				INFOPLIST_FILE = "Tests macOS/Info.plist";
				LD_RUNPATH_SEARCH_PATHS = (
					"$(inherited)",
					"@executable_path/../Frameworks",
					"@loader_path/../Frameworks",
				);
				MACOSX_DEPLOYMENT_TARGET = 10.15;
				PRODUCT_BUNDLE_IDENTIFIER = "MosleyTech.Tests-macOS";
				PRODUCT_NAME = "$(TARGET_NAME)";
				SDKROOT = macosx;
				SWIFT_VERSION = 5.0;
				TEST_TARGET_NAME = "Lesson 8 Challenge (macOS)";
			};
			name = Debug;
		};
		307D57732645F2BB00142AEB /* Release */ = {
			isa = XCBuildConfiguration;
			buildSettings = {
				ALWAYS_EMBED_SWIFT_STANDARD_LIBRARIES = YES;
				CODE_SIGN_STYLE = Automatic;
				COMBINE_HIDPI_IMAGES = YES;
				INFOPLIST_FILE = "Tests macOS/Info.plist";
				LD_RUNPATH_SEARCH_PATHS = (
					"$(inherited)",
					"@executable_path/../Frameworks",
					"@loader_path/../Frameworks",
				);
				MACOSX_DEPLOYMENT_TARGET = 10.15;
				PRODUCT_BUNDLE_IDENTIFIER = "MosleyTech.Tests-macOS";
				PRODUCT_NAME = "$(TARGET_NAME)";
				SDKROOT = macosx;
				SWIFT_VERSION = 5.0;
				TEST_TARGET_NAME = "Lesson 8 Challenge (macOS)";
			};
			name = Release;
		};
/* End XCBuildConfiguration section */

/* Begin XCConfigurationList section */
		307D57352645F2B900142AEB /* Build configuration list for PBXProject "Lesson 8 Challenge" */ = {
			isa = XCConfigurationList;
			buildConfigurations = (
				307D57662645F2BB00142AEB /* Debug */,
				307D57672645F2BB00142AEB /* Release */,
			);
			defaultConfigurationIsVisible = 0;
			defaultConfigurationName = Release;
		};
		307D57682645F2BB00142AEB /* Build configuration list for PBXNativeTarget "Lesson 8 Challenge (iOS)" */ = {
			isa = XCConfigurationList;
			buildConfigurations = (
				307D57692645F2BB00142AEB /* Debug */,
				307D576A2645F2BB00142AEB /* Release */,
			);
			defaultConfigurationIsVisible = 0;
			defaultConfigurationName = Release;
		};
		307D576B2645F2BB00142AEB /* Build configuration list for PBXNativeTarget "Lesson 8 Challenge (macOS)" */ = {
			isa = XCConfigurationList;
			buildConfigurations = (
				307D576C2645F2BB00142AEB /* Debug */,
				307D576D2645F2BB00142AEB /* Release */,
			);
			defaultConfigurationIsVisible = 0;
			defaultConfigurationName = Release;
		};
		307D576E2645F2BB00142AEB /* Build configuration list for PBXNativeTarget "Tests iOS" */ = {
			isa = XCConfigurationList;
			buildConfigurations = (
				307D576F2645F2BB00142AEB /* Debug */,
				307D57702645F2BB00142AEB /* Release */,
			);
			defaultConfigurationIsVisible = 0;
			defaultConfigurationName = Release;
		};
		307D57712645F2BB00142AEB /* Build configuration list for PBXNativeTarget "Tests macOS" */ = {
			isa = XCConfigurationList;
			buildConfigurations = (
				307D57722645F2BB00142AEB /* Debug */,
				307D57732645F2BB00142AEB /* Release */,
			);
			defaultConfigurationIsVisible = 0;
			defaultConfigurationName = Release;
		};
/* End XCConfigurationList section */
	};
	rootObject = 307D57322645F2B900142AEB /* Project object */;
}
